
Microsoft Visual Studio Solution File, Format Version 12.00
# Visual Studio Version 17
VisualStudioVersion = 17.0.32112.339
MinimumVisualStudioVersion = 10.0.40219.1
Project("{FAE04EC0-301F-11D3-BF4B-00C04F79EFBC}") = "Pig Latin Translator", "Pig Latin Translator\Pig Latin Translator.csproj", "{B6980724-E112-45EB-A98B-366DDB7988E7}"
EndProject
Global
	GlobalSection(SolutionConfigurationPlatforms) = preSolution
		Debug|Any CPU = Debug|Any CPU
		Release|Any CPU = Release|Any CPU
	EndGlobalSection
	GlobalSection(ProjectConfigurationPlatforms) = postSolution
		{B6980724-E112-45EB-A98B-366DDB7988E7}.Debug|Any CPU.ActiveCfg = Debug|Any CPU
		{B6980724-E112-45EB-A98B-366DDB7988E7}.Debug|Any CPU.Build.0 = Debug|Any CPU
		{B6980724-E112-45EB-A98B-366DDB7988E7}.Release|Any CPU.ActiveCfg = Release|Any CPU
		{B6980724-E112-45EB-A98B-366DDB7988E7}.Release|Any CPU.Build.0 = Release|Any CPU
	EndGlobalSection
	GlobalSection(SolutionProperties) = preSolution
		HideSolutionNode = FALSE
	EndGlobalSection
	GlobalSection(ExtensibilityGlobals) = postSolution
		SolutionGuid = {3AE48327-0CD6-493D-B84F-6C0715B6C2DB}
	EndGlobalSection
EndGlobal
